
Microsoft Visual Studio Solution File, Format Version 12.00
# Visual Studio Version 16
VisualStudioVersion = 16.0.31129.286
MinimumVisualStudioVersion = 10.0.40219.1
Project("{FAE04EC0-301F-11D3-BF4B-00C04F79EFBC}") = "Exemplo", "Exemplo\Exemplo.csproj", "{67D7A39D-0D0F-493B-8DCF-FC8EB3188F4E}"
EndProject
Global
	GlobalSection(SolutionConfigurationPlatforms) = preSolution
		Debug|Any CPU = Debug|Any CPU
		Release|Any CPU = Release|Any CPU
	EndGlobalSection
	GlobalSection(ProjectConfigurationPlatforms) = postSolution
		{67D7A39D-0D0F-493B-8DCF-FC8EB3188F4E}.Debug|Any CPU.ActiveCfg = Debug|Any CPU
		{67D7A39D-0D0F-493B-8DCF-FC8EB3188F4E}.Debug|Any CPU.Build.0 = Debug|Any CPU
		{67D7A39D-0D0F-493B-8DCF-FC8EB3188F4E}.Release|Any CPU.ActiveCfg = Release|Any CPU
		{67D7A39D-0D0F-493B-8DCF-FC8EB3188F4E}.Release|Any CPU.Build.0 = Release|Any CPU
	EndGlobalSection
	GlobalSection(SolutionProperties) = preSolution
		HideSolutionNode = FALSE
	EndGlobalSection
	GlobalSection(ExtensibilityGlobals) = postSolution
		SolutionGuid = {7364A36B-615F-49FA-BD5D-E39AE999D80E}
	EndGlobalSection
EndGlobal
