
Microsoft Visual Studio Solution File, Format Version 12.00
# Visual Studio Version 16
VisualStudioVersion = 16.0.31410.357
MinimumVisualStudioVersion = 10.0.40219.1
Project("{9A19103F-16F7-4668-BE54-9A1E7A4F7556}") = "Nullable", "Nullable\Nullable.csproj", "{BAB6BE50-B594-4195-A3F0-679C9BB77AA2}"
EndProject
Project("{9A19103F-16F7-4668-BE54-9A1E7A4F7556}") = "Vetores1", "Vetores\Vetores1.csproj", "{9C5C28CC-3752-425F-BF84-1DCD113C0655}"
EndProject
Project("{9A19103F-16F7-4668-BE54-9A1E7A4F7556}") = "Vetores2", "Vetores2\Vetores2.csproj", "{6AB1B8C1-4284-45C2-867F-4427166FB73E}"
EndProject
Project("{9A19103F-16F7-4668-BE54-9A1E7A4F7556}") = "ex01", "ex01\ex01.csproj", "{6C88AB52-8DAC-4FF1-BDFF-3D2400166674}"
EndProject
Project("{9A19103F-16F7-4668-BE54-9A1E7A4F7556}") = "Params", "Calculator\Params.csproj", "{4FFDCC57-6CE1-49F6-BBD6-C7F076C6BC10}"
EndProject
Project("{9A19103F-16F7-4668-BE54-9A1E7A4F7556}") = "Ref", "Ref\Ref.csproj", "{2CF7EC37-B854-4C9A-A11A-C7B0D022500C}"
EndProject
Project("{9A19103F-16F7-4668-BE54-9A1E7A4F7556}") = "Out", "Out\Out.csproj", "{8F861890-313E-423C-9918-8230CD9CFF5A}"
EndProject
Project("{9A19103F-16F7-4668-BE54-9A1E7A4F7556}") = "Foreach", "Foreach\Foreach.csproj", "{4C05AD00-C337-4956-8A66-2598D03AB9BF}"
EndProject
Project("{FAE04EC0-301F-11D3-BF4B-00C04F79EFBC}") = "List", "List\List.csproj", "{6155DFAA-A55C-40CB-803E-4D6EB6136787}"
EndProject
Global
	GlobalSection(SolutionConfigurationPlatforms) = preSolution
		Debug|Any CPU = Debug|Any CPU
		Release|Any CPU = Release|Any CPU
	EndGlobalSection
	GlobalSection(ProjectConfigurationPlatforms) = postSolution
		{BAB6BE50-B594-4195-A3F0-679C9BB77AA2}.Debug|Any CPU.ActiveCfg = Debug|Any CPU
		{BAB6BE50-B594-4195-A3F0-679C9BB77AA2}.Debug|Any CPU.Build.0 = Debug|Any CPU
		{BAB6BE50-B594-4195-A3F0-679C9BB77AA2}.Release|Any CPU.ActiveCfg = Release|Any CPU
		{BAB6BE50-B594-4195-A3F0-679C9BB77AA2}.Release|Any CPU.Build.0 = Release|Any CPU
		{9C5C28CC-3752-425F-BF84-1DCD113C0655}.Debug|Any CPU.ActiveCfg = Debug|Any CPU
		{9C5C28CC-3752-425F-BF84-1DCD113C0655}.Debug|Any CPU.Build.0 = Debug|Any CPU
		{9C5C28CC-3752-425F-BF84-1DCD113C0655}.Release|Any CPU.ActiveCfg = Release|Any CPU
		{9C5C28CC-3752-425F-BF84-1DCD113C0655}.Release|Any CPU.Build.0 = Release|Any CPU
		{6AB1B8C1-4284-45C2-867F-4427166FB73E}.Debug|Any CPU.ActiveCfg = Debug|Any CPU
		{6AB1B8C1-4284-45C2-867F-4427166FB73E}.Debug|Any CPU.Build.0 = Debug|Any CPU
		{6AB1B8C1-4284-45C2-867F-4427166FB73E}.Release|Any CPU.ActiveCfg = Release|Any CPU
		{6AB1B8C1-4284-45C2-867F-4427166FB73E}.Release|Any CPU.Build.0 = Release|Any CPU
		{6C88AB52-8DAC-4FF1-BDFF-3D2400166674}.Debug|Any CPU.ActiveCfg = Debug|Any CPU
		{6C88AB52-8DAC-4FF1-BDFF-3D2400166674}.Debug|Any CPU.Build.0 = Debug|Any CPU
		{6C88AB52-8DAC-4FF1-BDFF-3D2400166674}.Release|Any CPU.ActiveCfg = Release|Any CPU
		{6C88AB52-8DAC-4FF1-BDFF-3D2400166674}.Release|Any CPU.Build.0 = Release|Any CPU
		{4FFDCC57-6CE1-49F6-BBD6-C7F076C6BC10}.Debug|Any CPU.ActiveCfg = Debug|Any CPU
		{4FFDCC57-6CE1-49F6-BBD6-C7F076C6BC10}.Debug|Any CPU.Build.0 = Debug|Any CPU
		{4FFDCC57-6CE1-49F6-BBD6-C7F076C6BC10}.Release|Any CPU.ActiveCfg = Release|Any CPU
		{4FFDCC57-6CE1-49F6-BBD6-C7F076C6BC10}.Release|Any CPU.Build.0 = Release|Any CPU
		{2CF7EC37-B854-4C9A-A11A-C7B0D022500C}.Debug|Any CPU.ActiveCfg = Debug|Any CPU
		{2CF7EC37-B854-4C9A-A11A-C7B0D022500C}.Debug|Any CPU.Build.0 = Debug|Any CPU
		{2CF7EC37-B854-4C9A-A11A-C7B0D022500C}.Release|Any CPU.ActiveCfg = Release|Any CPU
		{2CF7EC37-B854-4C9A-A11A-C7B0D022500C}.Release|Any CPU.Build.0 = Release|Any CPU
		{8F861890-313E-423C-9918-8230CD9CFF5A}.Debug|Any CPU.ActiveCfg = Debug|Any CPU
		{8F861890-313E-423C-9918-8230CD9CFF5A}.Debug|Any CPU.Build.0 = Debug|Any CPU
		{8F861890-313E-423C-9918-8230CD9CFF5A}.Release|Any CPU.ActiveCfg = Release|Any CPU
		{8F861890-313E-423C-9918-8230CD9CFF5A}.Release|Any CPU.Build.0 = Release|Any CPU
		{4C05AD00-C337-4956-8A66-2598D03AB9BF}.Debug|Any CPU.ActiveCfg = Debug|Any CPU
		{4C05AD00-C337-4956-8A66-2598D03AB9BF}.Debug|Any CPU.Build.0 = Debug|Any CPU
		{4C05AD00-C337-4956-8A66-2598D03AB9BF}.Release|Any CPU.ActiveCfg = Release|Any CPU
		{4C05AD00-C337-4956-8A66-2598D03AB9BF}.Release|Any CPU.Build.0 = Release|Any CPU
		{6155DFAA-A55C-40CB-803E-4D6EB6136787}.Debug|Any CPU.ActiveCfg = Debug|Any CPU
		{6155DFAA-A55C-40CB-803E-4D6EB6136787}.Debug|Any CPU.Build.0 = Debug|Any CPU
		{6155DFAA-A55C-40CB-803E-4D6EB6136787}.Release|Any CPU.ActiveCfg = Release|Any CPU
		{6155DFAA-A55C-40CB-803E-4D6EB6136787}.Release|Any CPU.Build.0 = Release|Any CPU
	EndGlobalSection
	GlobalSection(SolutionProperties) = preSolution
		HideSolutionNode = FALSE
	EndGlobalSection
	GlobalSection(ExtensibilityGlobals) = postSolution
		SolutionGuid = {26FF3161-5D00-4BD5-B91E-84457D5EEF3E}
	EndGlobalSection
EndGlobal
