
Microsoft Visual Studio Solution File, Format Version 12.00
# Visual Studio Version 16
VisualStudioVersion = 16.0.31424.327
MinimumVisualStudioVersion = 10.0.40219.1
Project("{9A19103F-16F7-4668-BE54-9A1E7A4F7556}") = "Var", "Var\Var.csproj", "{5E8D1F6A-6300-4D96-A511-D29A75A482F2}"
EndProject
Project("{9A19103F-16F7-4668-BE54-9A1E7A4F7556}") = "SwitchCase", "SwitchCase\SwitchCase.csproj", "{A323C9C3-B1B4-40C4-89BC-6AC26C5FDADD}"
EndProject
Project("{9A19103F-16F7-4668-BE54-9A1E7A4F7556}") = "Ternaria", "Ternaria\Ternaria.csproj", "{E605BB96-86E7-4A42-9329-0D394741A75C}"
EndProject
Project("{9A19103F-16F7-4668-BE54-9A1E7A4F7556}") = "FuncoesInteressanteParaString", "FuncoesInteressanteParaString\FuncoesInteressanteParaString.csproj", "{EFAD0693-EB9C-41CE-AE2C-84EDAB203E9E}"
EndProject
Project("{9A19103F-16F7-4668-BE54-9A1E7A4F7556}") = "DateTimeDataEHora", "DateTime\DateTimeDataEHora.csproj", "{435D8627-0D9B-405F-BDF6-09E407E84006}"
EndProject
Project("{9A19103F-16F7-4668-BE54-9A1E7A4F7556}") = "Timespan", "Timespan\Timespan.csproj", "{9F74F510-98AA-498B-A037-A7036BBD0655}"
EndProject
Project("{FAE04EC0-301F-11D3-BF4B-00C04F79EFBC}") = "OperacoesComDateTime", "OperacoesComDateTime\OperacoesComDateTime.csproj", "{B37EF481-73AB-4123-BB16-8B8DC34A7B10}"
EndProject
Project("{FAE04EC0-301F-11D3-BF4B-00C04F79EFBC}") = "OperacaoComTimeSpan", "OperacaoComTimeSpan\OperacaoComTimeSpan.csproj", "{82C260A5-2804-4A46-9A89-762EA4DDA78B}"
EndProject
Project("{FAE04EC0-301F-11D3-BF4B-00C04F79EFBC}") = "DateTimeKindEPadraoISO8601", "DateTimeKindEPadraoISO8601\DateTimeKindEPadraoISO8601.csproj", "{99E3D510-C04D-44D7-9601-336209E254A0}"
EndProject
Global
	GlobalSection(SolutionConfigurationPlatforms) = preSolution
		Debug|Any CPU = Debug|Any CPU
		Release|Any CPU = Release|Any CPU
	EndGlobalSection
	GlobalSection(ProjectConfigurationPlatforms) = postSolution
		{5E8D1F6A-6300-4D96-A511-D29A75A482F2}.Debug|Any CPU.ActiveCfg = Debug|Any CPU
		{5E8D1F6A-6300-4D96-A511-D29A75A482F2}.Debug|Any CPU.Build.0 = Debug|Any CPU
		{5E8D1F6A-6300-4D96-A511-D29A75A482F2}.Release|Any CPU.ActiveCfg = Release|Any CPU
		{5E8D1F6A-6300-4D96-A511-D29A75A482F2}.Release|Any CPU.Build.0 = Release|Any CPU
		{A323C9C3-B1B4-40C4-89BC-6AC26C5FDADD}.Debug|Any CPU.ActiveCfg = Debug|Any CPU
		{A323C9C3-B1B4-40C4-89BC-6AC26C5FDADD}.Debug|Any CPU.Build.0 = Debug|Any CPU
		{A323C9C3-B1B4-40C4-89BC-6AC26C5FDADD}.Release|Any CPU.ActiveCfg = Release|Any CPU
		{A323C9C3-B1B4-40C4-89BC-6AC26C5FDADD}.Release|Any CPU.Build.0 = Release|Any CPU
		{E605BB96-86E7-4A42-9329-0D394741A75C}.Debug|Any CPU.ActiveCfg = Debug|Any CPU
		{E605BB96-86E7-4A42-9329-0D394741A75C}.Debug|Any CPU.Build.0 = Debug|Any CPU
		{E605BB96-86E7-4A42-9329-0D394741A75C}.Release|Any CPU.ActiveCfg = Release|Any CPU
		{E605BB96-86E7-4A42-9329-0D394741A75C}.Release|Any CPU.Build.0 = Release|Any CPU
		{EFAD0693-EB9C-41CE-AE2C-84EDAB203E9E}.Debug|Any CPU.ActiveCfg = Debug|Any CPU
		{EFAD0693-EB9C-41CE-AE2C-84EDAB203E9E}.Debug|Any CPU.Build.0 = Debug|Any CPU
		{EFAD0693-EB9C-41CE-AE2C-84EDAB203E9E}.Release|Any CPU.ActiveCfg = Release|Any CPU
		{EFAD0693-EB9C-41CE-AE2C-84EDAB203E9E}.Release|Any CPU.Build.0 = Release|Any CPU
		{435D8627-0D9B-405F-BDF6-09E407E84006}.Debug|Any CPU.ActiveCfg = Debug|Any CPU
		{435D8627-0D9B-405F-BDF6-09E407E84006}.Debug|Any CPU.Build.0 = Debug|Any CPU
		{435D8627-0D9B-405F-BDF6-09E407E84006}.Release|Any CPU.ActiveCfg = Release|Any CPU
		{435D8627-0D9B-405F-BDF6-09E407E84006}.Release|Any CPU.Build.0 = Release|Any CPU
		{9F74F510-98AA-498B-A037-A7036BBD0655}.Debug|Any CPU.ActiveCfg = Debug|Any CPU
		{9F74F510-98AA-498B-A037-A7036BBD0655}.Debug|Any CPU.Build.0 = Debug|Any CPU
		{9F74F510-98AA-498B-A037-A7036BBD0655}.Release|Any CPU.ActiveCfg = Release|Any CPU
		{9F74F510-98AA-498B-A037-A7036BBD0655}.Release|Any CPU.Build.0 = Release|Any CPU
		{B37EF481-73AB-4123-BB16-8B8DC34A7B10}.Debug|Any CPU.ActiveCfg = Debug|Any CPU
		{B37EF481-73AB-4123-BB16-8B8DC34A7B10}.Debug|Any CPU.Build.0 = Debug|Any CPU
		{B37EF481-73AB-4123-BB16-8B8DC34A7B10}.Release|Any CPU.ActiveCfg = Release|Any CPU
		{B37EF481-73AB-4123-BB16-8B8DC34A7B10}.Release|Any CPU.Build.0 = Release|Any CPU
		{82C260A5-2804-4A46-9A89-762EA4DDA78B}.Debug|Any CPU.ActiveCfg = Debug|Any CPU
		{82C260A5-2804-4A46-9A89-762EA4DDA78B}.Debug|Any CPU.Build.0 = Debug|Any CPU
		{82C260A5-2804-4A46-9A89-762EA4DDA78B}.Release|Any CPU.ActiveCfg = Release|Any CPU
		{82C260A5-2804-4A46-9A89-762EA4DDA78B}.Release|Any CPU.Build.0 = Release|Any CPU
		{99E3D510-C04D-44D7-9601-336209E254A0}.Debug|Any CPU.ActiveCfg = Debug|Any CPU
		{99E3D510-C04D-44D7-9601-336209E254A0}.Debug|Any CPU.Build.0 = Debug|Any CPU
		{99E3D510-C04D-44D7-9601-336209E254A0}.Release|Any CPU.ActiveCfg = Release|Any CPU
		{99E3D510-C04D-44D7-9601-336209E254A0}.Release|Any CPU.Build.0 = Release|Any CPU
	EndGlobalSection
	GlobalSection(SolutionProperties) = preSolution
		HideSolutionNode = FALSE
	EndGlobalSection
	GlobalSection(ExtensibilityGlobals) = postSolution
		SolutionGuid = {28E12271-A103-4B64-9C08-4FE3E18FC785}
	EndGlobalSection
EndGlobal
