
Microsoft Visual Studio Solution File, Format Version 12.00
# Visual Studio Version 16
VisualStudioVersion = 16.0.31129.286
MinimumVisualStudioVersion = 10.0.40219.1
Project("{FAE04EC0-301F-11D3-BF4B-00C04F79EFBC}") = "ex1", "ex1\ex1.csproj", "{998DF5B0-2520-4537-B36F-38796F2AC94E}"
EndProject
Project("{FAE04EC0-301F-11D3-BF4B-00C04F79EFBC}") = "ConsoleApp1", "ConsoleApp1\ConsoleApp1.csproj", "{B29ED7DF-9C82-401D-929C-02E3941D75E7}"
EndProject
Project("{FAE04EC0-301F-11D3-BF4B-00C04F79EFBC}") = "ConsoleApp2", "ConsoleApp2\ConsoleApp2.csproj", "{791D4E34-1B2D-4CB4-9291-6891BE5CBB2E}"
EndProject
Project("{FAE04EC0-301F-11D3-BF4B-00C04F79EFBC}") = "ConsoleApp3", "ConsoleApp3\ConsoleApp3.csproj", "{E2AA7EB7-7415-4336-803C-6B2E9F3CCB7E}"
EndProject
Global
	GlobalSection(SolutionConfigurationPlatforms) = preSolution
		Debug|Any CPU = Debug|Any CPU
		Release|Any CPU = Release|Any CPU
	EndGlobalSection
	GlobalSection(ProjectConfigurationPlatforms) = postSolution
		{998DF5B0-2520-4537-B36F-38796F2AC94E}.Debug|Any CPU.ActiveCfg = Debug|Any CPU
		{998DF5B0-2520-4537-B36F-38796F2AC94E}.Debug|Any CPU.Build.0 = Debug|Any CPU
		{998DF5B0-2520-4537-B36F-38796F2AC94E}.Release|Any CPU.ActiveCfg = Release|Any CPU
		{998DF5B0-2520-4537-B36F-38796F2AC94E}.Release|Any CPU.Build.0 = Release|Any CPU
		{B29ED7DF-9C82-401D-929C-02E3941D75E7}.Debug|Any CPU.ActiveCfg = Debug|Any CPU
		{B29ED7DF-9C82-401D-929C-02E3941D75E7}.Debug|Any CPU.Build.0 = Debug|Any CPU
		{B29ED7DF-9C82-401D-929C-02E3941D75E7}.Release|Any CPU.ActiveCfg = Release|Any CPU
		{B29ED7DF-9C82-401D-929C-02E3941D75E7}.Release|Any CPU.Build.0 = Release|Any CPU
		{791D4E34-1B2D-4CB4-9291-6891BE5CBB2E}.Debug|Any CPU.ActiveCfg = Debug|Any CPU
		{791D4E34-1B2D-4CB4-9291-6891BE5CBB2E}.Debug|Any CPU.Build.0 = Debug|Any CPU
		{791D4E34-1B2D-4CB4-9291-6891BE5CBB2E}.Release|Any CPU.ActiveCfg = Release|Any CPU
		{791D4E34-1B2D-4CB4-9291-6891BE5CBB2E}.Release|Any CPU.Build.0 = Release|Any CPU
		{E2AA7EB7-7415-4336-803C-6B2E9F3CCB7E}.Debug|Any CPU.ActiveCfg = Debug|Any CPU
		{E2AA7EB7-7415-4336-803C-6B2E9F3CCB7E}.Debug|Any CPU.Build.0 = Debug|Any CPU
		{E2AA7EB7-7415-4336-803C-6B2E9F3CCB7E}.Release|Any CPU.ActiveCfg = Release|Any CPU
		{E2AA7EB7-7415-4336-803C-6B2E9F3CCB7E}.Release|Any CPU.Build.0 = Release|Any CPU
	EndGlobalSection
	GlobalSection(SolutionProperties) = preSolution
		HideSolutionNode = FALSE
	EndGlobalSection
	GlobalSection(ExtensibilityGlobals) = postSolution
		SolutionGuid = {D81C585B-B894-4418-A046-377282462C07}
	EndGlobalSection
EndGlobal
