
Microsoft Visual Studio Solution File, Format Version 12.00
# Visual Studio Version 16
VisualStudioVersion = 16.0.31205.134
MinimumVisualStudioVersion = 10.0.40219.1
Project("{FAE04EC0-301F-11D3-BF4B-00C04F79EFBC}") = "Exercicio01 - triangulo", "Exercicio01 - triangulo\Exercicio01 - triangulo.csproj", "{C77A0650-E074-4D44-99D0-E6F079D80275}"
EndProject
Global
	GlobalSection(SolutionConfigurationPlatforms) = preSolution
		Debug|Any CPU = Debug|Any CPU
		Release|Any CPU = Release|Any CPU
	EndGlobalSection
	GlobalSection(ProjectConfigurationPlatforms) = postSolution
		{C77A0650-E074-4D44-99D0-E6F079D80275}.Debug|Any CPU.ActiveCfg = Debug|Any CPU
		{C77A0650-E074-4D44-99D0-E6F079D80275}.Debug|Any CPU.Build.0 = Debug|Any CPU
		{C77A0650-E074-4D44-99D0-E6F079D80275}.Release|Any CPU.ActiveCfg = Release|Any CPU
		{C77A0650-E074-4D44-99D0-E6F079D80275}.Release|Any CPU.Build.0 = Release|Any CPU
	EndGlobalSection
	GlobalSection(SolutionProperties) = preSolution
		HideSolutionNode = FALSE
	EndGlobalSection
	GlobalSection(ExtensibilityGlobals) = postSolution
		SolutionGuid = {4B452C3F-06EE-4DBE-A8D2-70DE1FA18EF3}
	EndGlobalSection
EndGlobal
