
Microsoft Visual Studio Solution File, Format Version 12.00
# Visual Studio Version 16
VisualStudioVersion = 16.0.31205.134
MinimumVisualStudioVersion = 10.0.40219.1
Project("{9A19103F-16F7-4668-BE54-9A1E7A4F7556}") = "Exemplo01", "ConstrutoresThisSobreEncap\Exemplo01.csproj", "{51AE26D6-B601-4F64-ABFB-04C516FDA46D}"
EndProject
Project("{FAE04EC0-301F-11D3-BF4B-00C04F79EFBC}") = "Exemplo2", "Exemplo2\Exemplo2.csproj", "{88E65C2C-D129-4445-BEDA-A6992DAEA527}"
EndProject
Project("{FAE04EC0-301F-11D3-BF4B-00C04F79EFBC}") = "Exemplo3", "Exemplo3\Exemplo3.csproj", "{D01CA8B2-4FC9-4624-860B-B51A828F5F9B}"
EndProject
Project("{FAE04EC0-301F-11D3-BF4B-00C04F79EFBC}") = "Exemplo4-This", "Exemplo4\Exemplo4-This.csproj", "{FFCEA9AE-ADE4-4928-BBED-E9BA5032284C}"
EndProject
Project("{FAE04EC0-301F-11D3-BF4B-00C04F79EFBC}") = "Exemplo5-encapsulamento", "Exemplo5-encapsulamento\Exemplo5-encapsulamento.csproj", "{FE503A1A-30AB-49CE-AB8A-EBD8B6BD5A09}"
EndProject
Project("{FAE04EC0-301F-11D3-BF4B-00C04F79EFBC}") = "Exemplo6-Properties", "Exemplo6-Properties\Exemplo6-Properties.csproj", "{962F5CDB-DEAB-4DA7-9662-04799E0CE4FA}"
EndProject
Global
	GlobalSection(SolutionConfigurationPlatforms) = preSolution
		Debug|Any CPU = Debug|Any CPU
		Release|Any CPU = Release|Any CPU
	EndGlobalSection
	GlobalSection(ProjectConfigurationPlatforms) = postSolution
		{51AE26D6-B601-4F64-ABFB-04C516FDA46D}.Debug|Any CPU.ActiveCfg = Debug|Any CPU
		{51AE26D6-B601-4F64-ABFB-04C516FDA46D}.Debug|Any CPU.Build.0 = Debug|Any CPU
		{51AE26D6-B601-4F64-ABFB-04C516FDA46D}.Release|Any CPU.ActiveCfg = Release|Any CPU
		{51AE26D6-B601-4F64-ABFB-04C516FDA46D}.Release|Any CPU.Build.0 = Release|Any CPU
		{88E65C2C-D129-4445-BEDA-A6992DAEA527}.Debug|Any CPU.ActiveCfg = Debug|Any CPU
		{88E65C2C-D129-4445-BEDA-A6992DAEA527}.Debug|Any CPU.Build.0 = Debug|Any CPU
		{88E65C2C-D129-4445-BEDA-A6992DAEA527}.Release|Any CPU.ActiveCfg = Release|Any CPU
		{88E65C2C-D129-4445-BEDA-A6992DAEA527}.Release|Any CPU.Build.0 = Release|Any CPU
		{D01CA8B2-4FC9-4624-860B-B51A828F5F9B}.Debug|Any CPU.ActiveCfg = Debug|Any CPU
		{D01CA8B2-4FC9-4624-860B-B51A828F5F9B}.Debug|Any CPU.Build.0 = Debug|Any CPU
		{D01CA8B2-4FC9-4624-860B-B51A828F5F9B}.Release|Any CPU.ActiveCfg = Release|Any CPU
		{D01CA8B2-4FC9-4624-860B-B51A828F5F9B}.Release|Any CPU.Build.0 = Release|Any CPU
		{FFCEA9AE-ADE4-4928-BBED-E9BA5032284C}.Debug|Any CPU.ActiveCfg = Debug|Any CPU
		{FFCEA9AE-ADE4-4928-BBED-E9BA5032284C}.Debug|Any CPU.Build.0 = Debug|Any CPU
		{FFCEA9AE-ADE4-4928-BBED-E9BA5032284C}.Release|Any CPU.ActiveCfg = Release|Any CPU
		{FFCEA9AE-ADE4-4928-BBED-E9BA5032284C}.Release|Any CPU.Build.0 = Release|Any CPU
		{FE503A1A-30AB-49CE-AB8A-EBD8B6BD5A09}.Debug|Any CPU.ActiveCfg = Debug|Any CPU
		{FE503A1A-30AB-49CE-AB8A-EBD8B6BD5A09}.Debug|Any CPU.Build.0 = Debug|Any CPU
		{FE503A1A-30AB-49CE-AB8A-EBD8B6BD5A09}.Release|Any CPU.ActiveCfg = Release|Any CPU
		{FE503A1A-30AB-49CE-AB8A-EBD8B6BD5A09}.Release|Any CPU.Build.0 = Release|Any CPU
		{962F5CDB-DEAB-4DA7-9662-04799E0CE4FA}.Debug|Any CPU.ActiveCfg = Debug|Any CPU
		{962F5CDB-DEAB-4DA7-9662-04799E0CE4FA}.Debug|Any CPU.Build.0 = Debug|Any CPU
		{962F5CDB-DEAB-4DA7-9662-04799E0CE4FA}.Release|Any CPU.ActiveCfg = Release|Any CPU
		{962F5CDB-DEAB-4DA7-9662-04799E0CE4FA}.Release|Any CPU.Build.0 = Release|Any CPU
	EndGlobalSection
	GlobalSection(SolutionProperties) = preSolution
		HideSolutionNode = FALSE
	EndGlobalSection
	GlobalSection(ExtensibilityGlobals) = postSolution
		SolutionGuid = {D9C9F6C6-16E4-491A-84E6-B10139C2DE58}
	EndGlobalSection
EndGlobal
